
Microsoft Visual Studio Solution File, Format Version 12.00
# Visual Studio Version 16
VisualStudioVersion = 16.0.32510.428
MinimumVisualStudioVersion = 10.0.40219.1
Project("{FAE04EC0-301F-11D3-BF4B-00C04F79EFBC}") = "Web-Api-Demo", "Web-Api-Demo\Web-Api-Demo.csproj", "{1AB02EFA-6798-4A6D-97CD-6E0B76A22D51}"
EndProject
Project("{FAE04EC0-301F-11D3-BF4B-00C04F79EFBC}") = "WebAPIDemoForCrud", "WebAPIDemoForCrud\WebAPIDemoForCrud.csproj", "{21F88A20-BC47-4B3D-8840-A37DC7BCC29F}"
EndProject
Global
	GlobalSection(SolutionConfigurationPlatforms) = preSolution
		Debug|Any CPU = Debug|Any CPU
		Release|Any CPU = Release|Any CPU
	EndGlobalSection
	GlobalSection(ProjectConfigurationPlatforms) = postSolution
		{1AB02EFA-6798-4A6D-97CD-6E0B76A22D51}.Debug|Any CPU.ActiveCfg = Debug|Any CPU
		{1AB02EFA-6798-4A6D-97CD-6E0B76A22D51}.Debug|Any CPU.Build.0 = Debug|Any CPU
		{1AB02EFA-6798-4A6D-97CD-6E0B76A22D51}.Release|Any CPU.ActiveCfg = Release|Any CPU
		{1AB02EFA-6798-4A6D-97CD-6E0B76A22D51}.Release|Any CPU.Build.0 = Release|Any CPU
		{21F88A20-BC47-4B3D-8840-A37DC7BCC29F}.Debug|Any CPU.ActiveCfg = Debug|Any CPU
		{21F88A20-BC47-4B3D-8840-A37DC7BCC29F}.Debug|Any CPU.Build.0 = Debug|Any CPU
		{21F88A20-BC47-4B3D-8840-A37DC7BCC29F}.Release|Any CPU.ActiveCfg = Release|Any CPU
		{21F88A20-BC47-4B3D-8840-A37DC7BCC29F}.Release|Any CPU.Build.0 = Release|Any CPU
	EndGlobalSection
	GlobalSection(SolutionProperties) = preSolution
		HideSolutionNode = FALSE
	EndGlobalSection
	GlobalSection(ExtensibilityGlobals) = postSolution
		SolutionGuid = {D75F45EE-07C2-48DF-AFE3-4BEAD828D791}
	EndGlobalSection
EndGlobal
